
Microsoft Visual Studio Solution File, Format Version 12.00
# Visual Studio Version 16
VisualStudioVersion = 16.0.32106.194
MinimumVisualStudioVersion = 10.0.40219.1
Project("{FAE04EC0-301F-11D3-BF4B-00C04F79EFBC}") = "TimeZonesUtil", "TimeZonesUtil.csproj", "{BAEDEFD7-03FE-4B68-B218-6D694AFCCD28}"
EndProject
Global
	GlobalSection(SolutionConfigurationPlatforms) = preSolution
		Debug|Any CPU = Debug|Any CPU
		Release|Any CPU = Release|Any CPU
	EndGlobalSection
	GlobalSection(ProjectConfigurationPlatforms) = postSolution
		{BAEDEFD7-03FE-4B68-B218-6D694AFCCD28}.Debug|Any CPU.ActiveCfg = Debug|Any CPU
		{BAEDEFD7-03FE-4B68-B218-6D694AFCCD28}.Debug|Any CPU.Build.0 = Debug|Any CPU
		{BAEDEFD7-03FE-4B68-B218-6D694AFCCD28}.Release|Any CPU.ActiveCfg = Release|Any CPU
		{BAEDEFD7-03FE-4B68-B218-6D694AFCCD28}.Release|Any CPU.Build.0 = Release|Any CPU
	EndGlobalSection
	GlobalSection(SolutionProperties) = preSolution
		HideSolutionNode = FALSE
	EndGlobalSection
	GlobalSection(ExtensibilityGlobals) = postSolution
		SolutionGuid = {C252E90B-4668-48B5-86CD-303E2084D8CD}
	EndGlobalSection
EndGlobal
